
Microsoft Visual Studio Solution File, Format Version 12.00
# Visual Studio 15
VisualStudioVersion = 15.0.27004.2008
MinimumVisualStudioVersion = 10.0.40219.1
Project("{9A19103F-16F7-4668-BE54-9A1E7A4F7556}") = "RabbitMQ", "RabbitMQ.csproj", "{97A007BC-5493-48BB-85F8-C96A21AA5610}"
EndProject
Global
	GlobalSection(SolutionConfigurationPlatforms) = preSolution
		Debug|Any CPU = Debug|Any CPU
		Release|Any CPU = Release|Any CPU
	EndGlobalSection
	GlobalSection(ProjectConfigurationPlatforms) = postSolution
		{97A007BC-5493-48BB-85F8-C96A21AA5610}.Debug|Any CPU.ActiveCfg = Debug|Any CPU
		{97A007BC-5493-48BB-85F8-C96A21AA5610}.Debug|Any CPU.Build.0 = Debug|Any CPU
		{97A007BC-5493-48BB-85F8-C96A21AA5610}.Release|Any CPU.ActiveCfg = Release|Any CPU
		{97A007BC-5493-48BB-85F8-C96A21AA5610}.Release|Any CPU.Build.0 = Release|Any CPU
	EndGlobalSection
	GlobalSection(SolutionProperties) = preSolution
		HideSolutionNode = FALSE
	EndGlobalSection
	GlobalSection(ExtensibilityGlobals) = postSolution
		SolutionGuid = {57B36E61-95A9-4DA6-AA44-A464B3FAF593}
	EndGlobalSection
EndGlobal
